
Microsoft Visual Studio Solution File, Format Version 12.00
# Visual Studio Version 17
VisualStudioVersion = 17.2.32630.192
MinimumVisualStudioVersion = 10.0.40219.1
Project("{9A19103F-16F7-4668-BE54-9A1E7A4F7556}") = "HR_SYSTEM", "HR_SYSTEM\HR_SYSTEM.csproj", "{7B5BC9F1-6B1B-46E3-ACA1-B73CC4EFCAC5}"
EndProject
Global
	GlobalSection(SolutionConfigurationPlatforms) = preSolution
		Debug|Any CPU = Debug|Any CPU
		Release|Any CPU = Release|Any CPU
	EndGlobalSection
	GlobalSection(ProjectConfigurationPlatforms) = postSolution
		{7B5BC9F1-6B1B-46E3-ACA1-B73CC4EFCAC5}.Debug|Any CPU.ActiveCfg = Debug|Any CPU
		{7B5BC9F1-6B1B-46E3-ACA1-B73CC4EFCAC5}.Debug|Any CPU.Build.0 = Debug|Any CPU
		{7B5BC9F1-6B1B-46E3-ACA1-B73CC4EFCAC5}.Release|Any CPU.ActiveCfg = Release|Any CPU
		{7B5BC9F1-6B1B-46E3-ACA1-B73CC4EFCAC5}.Release|Any CPU.Build.0 = Release|Any CPU
	EndGlobalSection
	GlobalSection(SolutionProperties) = preSolution
		HideSolutionNode = FALSE
	EndGlobalSection
	GlobalSection(ExtensibilityGlobals) = postSolution
		SolutionGuid = {7470928D-1D0E-4A3A-BE1F-49F4B8325153}
	EndGlobalSection
EndGlobal
